// !$*UTF8*$!
{
	archiveVersion = 1;
	classes = {
	};
	objectVersion = 56;
	objects = {

/* Begin PBXBuildFile section */
		C7DB6E062B8C50FE00EC2309 /* WeekFiveApp.swift in Sources */ = {isa = PBXBuildFile; fileRef = C7DB6E052B8C50FE00EC2309 /* WeekFiveApp.swift */; };
		C7DB6E082B8C50FE00EC2309 /* ContentView.swift in Sources */ = {isa = PBXBuildFile; fileRef = C7DB6E072B8C50FE00EC2309 /* ContentView.swift */; };
		C7DB6E0A2B8C50FF00EC2309 /* Assets.xcassets in Resources */ = {isa = PBXBuildFile; fileRef = C7DB6E092B8C50FF00EC2309 /* Assets.xcassets */; };
		C7DB6E0D2B8C50FF00EC2309 /* Preview Assets.xcassets in Resources */ = {isa = PBXBuildFile; fileRef = C7DB6E0C2B8C50FF00EC2309 /* Preview Assets.xcassets */; };
		C7DB6E172B8C51B000EC2309 /* Task.swift in Sources */ = {isa = PBXBuildFile; fileRef = C7DB6E162B8C51B000EC2309 /* Task.swift */; };
		C7DB6E192B8C51B800EC2309 /* ModelData.swift in Sources */ = {isa = PBXBuildFile; fileRef = C7DB6E182B8C51B800EC2309 /* ModelData.swift */; };
		C7DB6E1D2B8C51F000EC2309 /* MyTasksView.swift in Sources */ = {isa = PBXBuildFile; fileRef = C7DB6E1C2B8C51F000EC2309 /* MyTasksView.swift */; };
		C7DB6E1F2B8C51FD00EC2309 /* AddNewTaskView.swift in Sources */ = {isa = PBXBuildFile; fileRef = C7DB6E1E2B8C51FD00EC2309 /* AddNewTaskView.swift */; };
		C7DB6E212B8C520700EC2309 /* DetailTaskView.swift in Sources */ = {isa = PBXBuildFile; fileRef = C7DB6E202B8C520700EC2309 /* DetailTaskView.swift */; };
		C7DB6E232B8C521200EC2309 /* TaskRowView.swift in Sources */ = {isa = PBXBuildFile; fileRef = C7DB6E222B8C521200EC2309 /* TaskRowView.swift */; };
		C7DB6E252B8C521F00EC2309 /* AddNewTaskBotton.swift in Sources */ = {isa = PBXBuildFile; fileRef = C7DB6E242B8C521F00EC2309 /* AddNewTaskBotton.swift */; };
/* End PBXBuildFile section */

/* Begin PBXFileReference section */
		C7DB6E022B8C50FE00EC2309 /* WeekFive.app */ = {isa = PBXFileReference; explicitFileType = wrapper.application; includeInIndex = 0; path = WeekFive.app; sourceTree = BUILT_PRODUCTS_DIR; };
		C7DB6E052B8C50FE00EC2309 /* WeekFiveApp.swift */ = {isa = PBXFileReference; lastKnownFileType = sourcecode.swift; path = WeekFiveApp.swift; sourceTree = "<group>"; };
		C7DB6E072B8C50FE00EC2309 /* ContentView.swift */ = {isa = PBXFileReference; lastKnownFileType = sourcecode.swift; path = ContentView.swift; sourceTree = "<group>"; };
		C7DB6E092B8C50FF00EC2309 /* Assets.xcassets */ = {isa = PBXFileReference; lastKnownFileType = folder.assetcatalog; path = Assets.xcassets; sourceTree = "<group>"; };
		C7DB6E0C2B8C50FF00EC2309 /* Preview Assets.xcassets */ = {isa = PBXFileReference; lastKnownFileType = folder.assetcatalog; path = "Preview Assets.xcassets"; sourceTree = "<group>"; };
		C7DB6E162B8C51B000EC2309 /* Task.swift */ = {isa = PBXFileReference; lastKnownFileType = sourcecode.swift; path = Task.swift; sourceTree = "<group>"; };
		C7DB6E182B8C51B800EC2309 /* ModelData.swift */ = {isa = PBXFileReference; lastKnownFileType = sourcecode.swift; path = ModelData.swift; sourceTree = "<group>"; };
		C7DB6E1C2B8C51F000EC2309 /* MyTasksView.swift */ = {isa = PBXFileReference; lastKnownFileType = sourcecode.swift; path = MyTasksView.swift; sourceTree = "<group>"; };
		C7DB6E1E2B8C51FD00EC2309 /* AddNewTaskView.swift */ = {isa = PBXFileReference; lastKnownFileType = sourcecode.swift; path = AddNewTaskView.swift; sourceTree = "<group>"; };
		C7DB6E202B8C520700EC2309 /* DetailTaskView.swift */ = {isa = PBXFileReference; lastKnownFileType = sourcecode.swift; path = DetailTaskView.swift; sourceTree = "<group>"; };
		C7DB6E222B8C521200EC2309 /* TaskRowView.swift */ = {isa = PBXFileReference; lastKnownFileType = sourcecode.swift; path = TaskRowView.swift; sourceTree = "<group>"; };
		C7DB6E242B8C521F00EC2309 /* AddNewTaskBotton.swift */ = {isa = PBXFileReference; lastKnownFileType = sourcecode.swift; path = AddNewTaskBotton.swift; sourceTree = "<group>"; };
/* End PBXFileReference section */

/* Begin PBXFrameworksBuildPhase section */
		C7DB6DFF2B8C50FE00EC2309 /* Frameworks */ = {
			isa = PBXFrameworksBuildPhase;
			buildActionMask = 2147483647;
			files = (
			);
			runOnlyForDeploymentPostprocessing = 0;
		};
/* End PBXFrameworksBuildPhase section */

/* Begin PBXGroup section */
		C7DB6DF92B8C50FE00EC2309 = {
			isa = PBXGroup;
			children = (
				C7DB6E042B8C50FE00EC2309 /* WeekFive */,
				C7DB6E032B8C50FE00EC2309 /* Products */,
			);
			sourceTree = "<group>";
		};
		C7DB6E032B8C50FE00EC2309 /* Products */ = {
			isa = PBXGroup;
			children = (
				C7DB6E022B8C50FE00EC2309 /* WeekFive.app */,
			);
			name = Products;
			sourceTree = "<group>";
		};
		C7DB6E042B8C50FE00EC2309 /* WeekFive */ = {
			isa = PBXGroup;
			children = (
				C7DB6E132B8C518200EC2309 /* App */,
				C7DB6E142B8C518A00EC2309 /* Model */,
				C7DB6E152B8C519200EC2309 /* View */,
				C7DB6E0B2B8C50FF00EC2309 /* Preview Content */,
			);
			path = WeekFive;
			sourceTree = "<group>";
		};
		C7DB6E0B2B8C50FF00EC2309 /* Preview Content */ = {
			isa = PBXGroup;
			children = (
				C7DB6E0C2B8C50FF00EC2309 /* Preview Assets.xcassets */,
			);
			path = "Preview Content";
			sourceTree = "<group>";
		};
		C7DB6E132B8C518200EC2309 /* App */ = {
			isa = PBXGroup;
			children = (
				C7DB6E052B8C50FE00EC2309 /* WeekFiveApp.swift */,
				C7DB6E092B8C50FF00EC2309 /* Assets.xcassets */,
			);
			path = App;
			sourceTree = "<group>";
		};
		C7DB6E142B8C518A00EC2309 /* Model */ = {
			isa = PBXGroup;
			children = (
				C7DB6E162B8C51B000EC2309 /* Task.swift */,
				C7DB6E182B8C51B800EC2309 /* ModelData.swift */,
			);
			path = Model;
			sourceTree = "<group>";
		};
		C7DB6E152B8C519200EC2309 /* View */ = {
			isa = PBXGroup;
			children = (
				C7DB6E072B8C50FE00EC2309 /* ContentView.swift */,
				C7DB6E1A2B8C51CA00EC2309 /* MainViews */,
				C7DB6E1B2B8C51D400EC2309 /* SubViews */,
			);
			path = View;
			sourceTree = "<group>";
		};
		C7DB6E1A2B8C51CA00EC2309 /* MainViews */ = {
			isa = PBXGroup;
			children = (
				C7DB6E1C2B8C51F000EC2309 /* MyTasksView.swift */,
				C7DB6E1E2B8C51FD00EC2309 /* AddNewTaskView.swift */,
				C7DB6E202B8C520700EC2309 /* DetailTaskView.swift */,
			);
			path = MainViews;
			sourceTree = "<group>";
		};
		C7DB6E1B2B8C51D400EC2309 /* SubViews */ = {
			isa = PBXGroup;
			children = (
				C7DB6E222B8C521200EC2309 /* TaskRowView.swift */,
				C7DB6E242B8C521F00EC2309 /* AddNewTaskBotton.swift */,
			);
			path = SubViews;
			sourceTree = "<group>";
		};
/* End PBXGroup section */

/* Begin PBXNativeTarget section */
		C7DB6E012B8C50FE00EC2309 /* WeekFive */ = {
			isa = PBXNativeTarget;
			buildConfigurationList = C7DB6E102B8C50FF00EC2309 /* Build configuration list for PBXNativeTarget "WeekFive" */;
			buildPhases = (
				C7DB6DFE2B8C50FE00EC2309 /* Sources */,
				C7DB6DFF2B8C50FE00EC2309 /* Frameworks */,
				C7DB6E002B8C50FE00EC2309 /* Resources */,
			);
			buildRules = (
			);
			dependencies = (
			);
			name = WeekFive;
			productName = WeekFive;
			productReference = C7DB6E022B8C50FE00EC2309 /* WeekFive.app */;
			productType = "com.apple.product-type.application";
		};
/* End PBXNativeTarget section */

/* Begin PBXProject section */
		C7DB6DFA2B8C50FE00EC2309 /* Project object */ = {
			isa = PBXProject;
			attributes = {
				BuildIndependentTargetsInParallel = 1;
				LastSwiftUpdateCheck = 1500;
				LastUpgradeCheck = 1500;
				TargetAttributes = {
					C7DB6E012B8C50FE00EC2309 = {
						CreatedOnToolsVersion = 15.0.1;
					};
				};
			};
			buildConfigurationList = C7DB6DFD2B8C50FE00EC2309 /* Build configuration list for PBXProject "WeekFive" */;
			compatibilityVersion = "Xcode 14.0";
			developmentRegion = en;
			hasScannedForEncodings = 0;
			knownRegions = (
				en,
				Base,
			);
			mainGroup = C7DB6DF92B8C50FE00EC2309;
			productRefGroup = C7DB6E032B8C50FE00EC2309 /* Products */;
			projectDirPath = "";
			projectRoot = "";
			targets = (
				C7DB6E012B8C50FE00EC2309 /* WeekFive */,
			);
		};
/* End PBXProject section */

/* Begin PBXResourcesBuildPhase section */
		C7DB6E002B8C50FE00EC2309 /* Resources */ = {
			isa = PBXResourcesBuildPhase;
			buildActionMask = 2147483647;
			files = (
				C7DB6E0D2B8C50FF00EC2309 /* Preview Assets.xcassets in Resources */,
				C7DB6E0A2B8C50FF00EC2309 /* Assets.xcassets in Resources */,
			);
			runOnlyForDeploymentPostprocessing = 0;
		};
/* End PBXResourcesBuildPhase section */

/* Begin PBXSourcesBuildPhase section */
		C7DB6DFE2B8C50FE00EC2309 /* Sources */ = {
			isa = PBXSourcesBuildPhase;
			buildActionMask = 2147483647;
			files = (
				C7DB6E1F2B8C51FD00EC2309 /* AddNewTaskView.swift in Sources */,
				C7DB6E252B8C521F00EC2309 /* AddNewTaskBotton.swift in Sources */,
				C7DB6E082B8C50FE00EC2309 /* ContentView.swift in Sources */,
				C7DB6E232B8C521200EC2309 /* TaskRowView.swift in Sources */,
				C7DB6E192B8C51B800EC2309 /* ModelData.swift in Sources */,
				C7DB6E172B8C51B000EC2309 /* Task.swift in Sources */,
				C7DB6E062B8C50FE00EC2309 /* WeekFiveApp.swift in Sources */,
				C7DB6E1D2B8C51F000EC2309 /* MyTasksView.swift in Sources */,
				C7DB6E212B8C520700EC2309 /* DetailTaskView.swift in Sources */,
			);
			runOnlyForDeploymentPostprocessing = 0;
		};
/* End PBXSourcesBuildPhase section */

/* Begin XCBuildConfiguration section */
		C7DB6E0E2B8C50FF00EC2309 /* Debug */ = {
			isa = XCBuildConfiguration;
			buildSettings = {
				ALWAYS_SEARCH_USER_PATHS = NO;
				ASSETCATALOG_COMPILER_GENERATE_SWIFT_ASSET_SYMBOL_EXTENSIONS = YES;
				CLANG_ANALYZER_NONNULL = YES;
				CLANG_ANALYZER_NUMBER_OBJECT_CONVERSION = YES_AGGRESSIVE;
				CLANG_CXX_LANGUAGE_STANDARD = "gnu++20";
				CLANG_ENABLE_MODULES = YES;
				CLANG_ENABLE_OBJC_ARC = YES;
				CLANG_ENABLE_OBJC_WEAK = YES;
				CLANG_WARN_BLOCK_CAPTURE_AUTORELEASING = YES;
				CLANG_WARN_BOOL_CONVERSION = YES;
				CLANG_WARN_COMMA = YES;
				CLANG_WARN_CONSTANT_CONVERSION = YES;
				CLANG_WARN_DEPRECATED_OBJC_IMPLEMENTATIONS = YES;
				CLANG_WARN_DIRECT_OBJC_ISA_USAGE = YES_ERROR;
				CLANG_WARN_DOCUMENTATION_COMMENTS = YES;
				CLANG_WARN_EMPTY_BODY = YES;
				CLANG_WARN_ENUM_CONVERSION = YES;
				CLANG_WARN_INFINITE_RECURSION = YES;
				CLANG_WARN_INT_CONVERSION = YES;
				CLANG_WARN_NON_LITERAL_NULL_CONVERSION = YES;
				CLANG_WARN_OBJC_IMPLICIT_RETAIN_SELF = YES;
				CLANG_WARN_OBJC_LITERAL_CONVERSION = YES;
				CLANG_WARN_OBJC_ROOT_CLASS = YES_ERROR;
				CLANG_WARN_QUOTED_INCLUDE_IN_FRAMEWORK_HEADER = YES;
				CLANG_WARN_RANGE_LOOP_ANALYSIS = YES;
				CLANG_WARN_STRICT_PROTOTYPES = YES;
				CLANG_WARN_SUSPICIOUS_MOVE = YES;
				CLANG_WARN_UNGUARDED_AVAILABILITY = YES_AGGRESSIVE;
				CLANG_WARN_UNREACHABLE_CODE = YES;
				CLANG_WARN__DUPLICATE_METHOD_MATCH = YES;
				COPY_PHASE_STRIP = NO;
				DEBUG_INFORMATION_FORMAT = dwarf;
				ENABLE_STRICT_OBJC_MSGSEND = YES;
				ENABLE_TESTABILITY = YES;
				ENABLE_USER_SCRIPT_SANDBOXING = YES;
				GCC_C_LANGUAGE_STANDARD = gnu17;
				GCC_DYNAMIC_NO_PIC = NO;
				GCC_NO_COMMON_BLOCKS = YES;
				GCC_OPTIMIZATION_LEVEL = 0;
				GCC_PREPROCESSOR_DEFINITIONS = (
					"DEBUG=1",
					"$(inherited)",
				);
				GCC_WARN_64_TO_32_BIT_CONVERSION = YES;
				GCC_WARN_ABOUT_RETURN_TYPE = YES_ERROR;
				GCC_WARN_UNDECLARED_SELECTOR = YES;
				GCC_WARN_UNINITIALIZED_AUTOS = YES_AGGRESSIVE;
				GCC_WARN_UNUSED_FUNCTION = YES;
				GCC_WARN_UNUSED_VARIABLE = YES;
				IPHONEOS_DEPLOYMENT_TARGET = 17.0;
				LOCALIZATION_PREFERS_STRING_CATALOGS = YES;
				MTL_ENABLE_DEBUG_INFO = INCLUDE_SOURCE;
				MTL_FAST_MATH = YES;
				ONLY_ACTIVE_ARCH = YES;
				SDKROOT = iphoneos;
				SWIFT_ACTIVE_COMPILATION_CONDITIONS = "DEBUG $(inherited)";
				SWIFT_OPTIMIZATION_LEVEL = "-Onone";
			};
			name = Debug;
		};
		C7DB6E0F2B8C50FF00EC2309 /* Release */ = {
			isa = XCBuildConfiguration;
			buildSettings = {
				ALWAYS_SEARCH_USER_PATHS = NO;
				ASSETCATALOG_COMPILER_GENERATE_SWIFT_ASSET_SYMBOL_EXTENSIONS = YES;
				CLANG_ANALYZER_NONNULL = YES;
				CLANG_ANALYZER_NUMBER_OBJECT_CONVERSION = YES_AGGRESSIVE;
				CLANG_CXX_LANGUAGE_STANDARD = "gnu++20";
				CLANG_ENABLE_MODULES = YES;
				CLANG_ENABLE_OBJC_ARC = YES;
				CLANG_ENABLE_OBJC_WEAK = YES;
				CLANG_WARN_BLOCK_CAPTURE_AUTORELEASING = YES;
				CLANG_WARN_BOOL_CONVERSION = YES;
				CLANG_WARN_COMMA = YES;
				CLANG_WARN_CONSTANT_CONVERSION = YES;
				CLANG_WARN_DEPRECATED_OBJC_IMPLEMENTATIONS = YES;
				CLANG_WARN_DIRECT_OBJC_ISA_USAGE = YES_ERROR;
				CLANG_WARN_DOCUMENTATION_COMMENTS = YES;
				CLANG_WARN_EMPTY_BODY = YES;
				CLANG_WARN_ENUM_CONVERSION = YES;
				CLANG_WARN_INFINITE_RECURSION = YES;
				CLANG_WARN_INT_CONVERSION = YES;
				CLANG_WARN_NON_LITERAL_NULL_CONVERSION = YES;
				CLANG_WARN_OBJC_IMPLICIT_RETAIN_SELF = YES;
				CLANG_WARN_OBJC_LITERAL_CONVERSION = YES;
				CLANG_WARN_OBJC_ROOT_CLASS = YES_ERROR;
				CLANG_WARN_QUOTED_INCLUDE_IN_FRAMEWORK_HEADER = YES;
				CLANG_WARN_RANGE_LOOP_ANALYSIS = YES;
				CLANG_WARN_STRICT_PROTOTYPES = YES;
				CLANG_WARN_SUSPICIOUS_MOVE = YES;
				CLANG_WARN_UNGUARDED_AVAILABILITY = YES_AGGRESSIVE;
				CLANG_WARN_UNREACHABLE_CODE = YES;
				CLANG_WARN__DUPLICATE_METHOD_MATCH = YES;
				COPY_PHASE_STRIP = NO;
				DEBUG_INFORMATION_FORMAT = "dwarf-with-dsym";
				ENABLE_NS_ASSERTIONS = NO;
				ENABLE_STRICT_OBJC_MSGSEND = YES;
				ENABLE_USER_SCRIPT_SANDBOXING = YES;
				GCC_C_LANGUAGE_STANDARD = gnu17;
				GCC_NO_COMMON_BLOCKS = YES;
				GCC_WARN_64_TO_32_BIT_CONVERSION = YES;
				GCC_WARN_ABOUT_RETURN_TYPE = YES_ERROR;
				GCC_WARN_UNDECLARED_SELECTOR = YES;
				GCC_WARN_UNINITIALIZED_AUTOS = YES_AGGRESSIVE;
				GCC_WARN_UNUSED_FUNCTION = YES;
				GCC_WARN_UNUSED_VARIABLE = YES;
				IPHONEOS_DEPLOYMENT_TARGET = 17.0;
				LOCALIZATION_PREFERS_STRING_CATALOGS = YES;
				MTL_ENABLE_DEBUG_INFO = NO;
				MTL_FAST_MATH = YES;
				SDKROOT = iphoneos;
				SWIFT_COMPILATION_MODE = wholemodule;
				VALIDATE_PRODUCT = YES;
			};
			name = Release;
		};
		C7DB6E112B8C50FF00EC2309 /* Debug */ = {
			isa = XCBuildConfiguration;
			buildSettings = {
				ASSETCATALOG_COMPILER_APPICON_NAME = AppIcon;
				ASSETCATALOG_COMPILER_GLOBAL_ACCENT_COLOR_NAME = AccentColor;
				CODE_SIGN_STYLE = Automatic;
				CURRENT_PROJECT_VERSION = 1;
				DEVELOPMENT_ASSET_PATHS = "\"WeekFive/Preview Content\"";
				DEVELOPMENT_TEAM = 2957CWG7DB;
				ENABLE_PREVIEWS = YES;
				GENERATE_INFOPLIST_FILE = YES;
				INFOPLIST_KEY_UIApplicationSceneManifest_Generation = YES;
				INFOPLIST_KEY_UIApplicationSupportsIndirectInputEvents = YES;
				INFOPLIST_KEY_UILaunchScreen_Generation = YES;
				INFOPLIST_KEY_UISupportedInterfaceOrientations_iPad = "UIInterfaceOrientationPortrait UIInterfaceOrientationPortraitUpsideDown UIInterfaceOrientationLandscapeLeft UIInterfaceOrientationLandscapeRight";
				INFOPLIST_KEY_UISupportedInterfaceOrientations_iPhone = "UIInterfaceOrientationPortrait UIInterfaceOrientationLandscapeLeft UIInterfaceOrientationLandscapeRight";
				LD_RUNPATH_SEARCH_PATHS = (
					"$(inherited)",
					"@executable_path/Frameworks",
				);
				MARKETING_VERSION = 1.0;
				PRODUCT_BUNDLE_IDENTIFIER = BijayPuma.WeekFive;
				PRODUCT_NAME = "$(TARGET_NAME)";
				SWIFT_EMIT_LOC_STRINGS = YES;
				SWIFT_VERSION = 5.0;
				TARGETED_DEVICE_FAMILY = "1,2";
			};
			name = Debug;
		};
		C7DB6E122B8C50FF00EC2309 /* Release */ = {
			isa = XCBuildConfiguration;
			buildSettings = {
				ASSETCATALOG_COMPILER_APPICON_NAME = AppIcon;
				ASSETCATALOG_COMPILER_GLOBAL_ACCENT_COLOR_NAME = AccentColor;
				CODE_SIGN_STYLE = Automatic;
				CURRENT_PROJECT_VERSION = 1;
				DEVELOPMENT_ASSET_PATHS = "\"WeekFive/Preview Content\"";
				DEVELOPMENT_TEAM = 2957CWG7DB;
				ENABLE_PREVIEWS = YES;
				GENERATE_INFOPLIST_FILE = YES;
				INFOPLIST_KEY_UIApplicationSceneManifest_Generation = YES;
				INFOPLIST_KEY_UIApplicationSupportsIndirectInputEvents = YES;
				INFOPLIST_KEY_UILaunchScreen_Generation = YES;
				INFOPLIST_KEY_UISupportedInterfaceOrientations_iPad = "UIInterfaceOrientationPortrait UIInterfaceOrientationPortraitUpsideDown UIInterfaceOrientationLandscapeLeft UIInterfaceOrientationLandscapeRight";
				INFOPLIST_KEY_UISupportedInterfaceOrientations_iPhone = "UIInterfaceOrientationPortrait UIInterfaceOrientationLandscapeLeft UIInterfaceOrientationLandscapeRight";
				LD_RUNPATH_SEARCH_PATHS = (
					"$(inherited)",
					"@executable_path/Frameworks",
				);
				MARKETING_VERSION = 1.0;
				PRODUCT_BUNDLE_IDENTIFIER = BijayPuma.WeekFive;
				PRODUCT_NAME = "$(TARGET_NAME)";
				SWIFT_EMIT_LOC_STRINGS = YES;
				SWIFT_VERSION = 5.0;
				TARGETED_DEVICE_FAMILY = "1,2";
			};
			name = Release;
		};
/* End XCBuildConfiguration section */

/* Begin XCConfigurationList section */
		C7DB6DFD2B8C50FE00EC2309 /* Build configuration list for PBXProject "WeekFive" */ = {
			isa = XCConfigurationList;
			buildConfigurations = (
				C7DB6E0E2B8C50FF00EC2309 /* Debug */,
				C7DB6E0F2B8C50FF00EC2309 /* Release */,
			);
			defaultConfigurationIsVisible = 0;
			defaultConfigurationName = Release;
		};
		C7DB6E102B8C50FF00EC2309 /* Build configuration list for PBXNativeTarget "WeekFive" */ = {
			isa = XCConfigurationList;
			buildConfigurations = (
				C7DB6E112B8C50FF00EC2309 /* Debug */,
				C7DB6E122B8C50FF00EC2309 /* Release */,
			);
			defaultConfigurationIsVisible = 0;
			defaultConfigurationName = Release;
		};
/* End XCConfigurationList section */
	};
	rootObject = C7DB6DFA2B8C50FE00EC2309 /* Project object */;
}
